{
    "_meta": {
        "hash": {
            "sha256": "ec22f1e7d822ce68e8c72e6297e4df8d17456780df29a6840220c10a30892d6d"
        },
        "pipfile-spec": 6,
        "requires": {
            "python_version": "3.6"
        },
        "sources": [
            {
                "name": "pypi",
                "url": "https://pypi.org/simple",
                "verify_ssl": true
            }
        ]
    },
    "default": {
        "termcolor": {
            "hashes": [
                "sha256:1d6d69ce66211143803fbc56652b41d73b4a400a2891d7bf7a1cdf4c02de613b",
                "sha256:d9d07328d9754238393eded6ff9b99debe8e6ef90fde5425cd5b3f816ae371cb"
            ],
            "index": "pypi",
            "version": "==1.1.0"
        },
        "wget": {
            "hashes": [
                "sha256:35e630eca2aa50ce998b9b1a127bb26b30dfee573702782aa982f875e3f16061"
            ],
            "index": "pypi",
            "version": "==3.2"
        }
    },
    "develop": {}
}
